# @generated - this file is auto-generated by `mise lock` https://mise.en.dev/dev-tools/mise-lock.html

[[tools.btop]]
version = "1.4.7"
backend = "aqua:aristocratos/btop"

[tools.btop."platforms.linux-arm64"]
checksum = "sha256:6270de0ef4c84cf0eea61cb148b3ad9ae91a11e9c3309867ffc6b3751024c252"
url = "https://github.com/aristocratos/btop/releases/download/v1.4.7/btop-aarch64-unknown-linux-musl.tar.gz"

[tools.btop."platforms.linux-arm64-musl"]
checksum = "sha256:6270de0ef4c84cf0eea61cb148b3ad9ae91a11e9c3309867ffc6b3751024c252"
url = "https://github.com/aristocratos/btop/releases/download/v1.4.7/btop-aarch64-unknown-linux-musl.tar.gz"

[tools.btop."platforms.linux-x64"]
checksum = "sha256:5099054dd6a101bd12eb6ff3702a9a6a3f57aaa27923a0da478ae5b517faf335"
url = "https://github.com/aristocratos/btop/releases/download/v1.4.7/btop-x86_64-unknown-linux-musl.tar.gz"

[tools.btop."platforms.linux-x64-musl"]
checksum = "sha256:5099054dd6a101bd12eb6ff3702a9a6a3f57aaa27923a0da478ae5b517faf335"
url = "https://github.com/aristocratos/btop/releases/download/v1.4.7/btop-x86_64-unknown-linux-musl.tar.gz"

[[tools.go]]
version = "1.21.13"
backend = "core:go"

[tools.go."platforms.linux-arm64"]
checksum = "sha256:2ca2d70dc9c84feef959eb31f2a5aac33eefd8c97fe48f1548886d737bffabd4"
url = "https://dl.google.com/go/go1.21.13.linux-arm64.tar.gz"

[tools.go."platforms.linux-arm64-musl"]
checksum = "sha256:2ca2d70dc9c84feef959eb31f2a5aac33eefd8c97fe48f1548886d737bffabd4"
url = "https://dl.google.com/go/go1.21.13.linux-arm64.tar.gz"

[tools.go."platforms.linux-x64"]
checksum = "sha256:502fc16d5910562461e6a6631fb6377de2322aad7304bf2bcd23500ba9dab4a7"
url = "https://dl.google.com/go/go1.21.13.linux-amd64.tar.gz"

[tools.go."platforms.linux-x64-musl"]
checksum = "sha256:502fc16d5910562461e6a6631fb6377de2322aad7304bf2bcd23500ba9dab4a7"
url = "https://dl.google.com/go/go1.21.13.linux-amd64.tar.gz"

[tools.go."platforms.macos-arm64"]
checksum = "sha256:c04ee7bdc0e65cf17133994c40ee9bdfa1b1dc9587b3baedaea39affdb8e5b49"
url = "https://dl.google.com/go/go1.21.13.darwin-arm64.tar.gz"

[tools.go."platforms.macos-x64"]
checksum = "sha256:796fd05e8741f6776c505eb201922864f2e32991679b639d9fcb524dbe300c0d"
url = "https://dl.google.com/go/go1.21.13.darwin-amd64.tar.gz"

[tools.go."platforms.windows-x64"]
checksum = "sha256:924655193634bfcdf7ec7a34589e0d73458741998a59e4155a929ce85f81af2d"
url = "https://dl.google.com/go/go1.21.13.windows-amd64.zip"

[[tools.node]]
version = "24.14.1"
backend = "core:node"

[tools.node."platforms.linux-arm64"]
checksum = "sha256:734ff04fa7f8ed2e8a78d40cacf5ac3fc4515dac2858757cbab313eb483ba8a2"
url = "https://nodejs.org/dist/v24.14.1/node-v24.14.1-linux-arm64.tar.gz"

[tools.node."platforms.linux-arm64-musl"]
checksum = "sha256:e3ada28bcce0f440d8692372004a3338e96ff0b5cf8399bb38ae30a8adecdf08"
url = "https://unofficial-builds.nodejs.org/download/release/v24.14.1/node-v24.14.1-linux-arm64-musl.tar.gz"

[tools.node."platforms.linux-x64"]
checksum = "sha256:ace9fa104992ed0829642629c46ca7bd7fd6e76278cb96c958c4b387d29658ea"
url = "https://nodejs.org/dist/v24.14.1/node-v24.14.1-linux-x64.tar.gz"

[tools.node."platforms.linux-x64-musl"]
checksum = "sha256:4cdc6bf5891d1f51903c663b2f7f6a636c24dd5940a62a1785ea3d911284b008"
url = "https://unofficial-builds.nodejs.org/download/release/v24.14.1/node-v24.14.1-linux-x64-musl.tar.gz"

[tools.node."platforms.macos-arm64"]
checksum = "sha256:25495ff85bd89e2d8a24d88566d7e2f827c6b0d3d872b2cebf75371f93fcb1fe"
url = "https://nodejs.org/dist/v24.14.1/node-v24.14.1-darwin-arm64.tar.gz"

[tools.node."platforms.macos-x64"]
checksum = "sha256:2526230ad7d922be82d4fdb1e7ee1e84303e133e3b4b0ec4c2897ab31de0253d"
url = "https://nodejs.org/dist/v24.14.1/node-v24.14.1-darwin-x64.tar.gz"

[tools.node."platforms.windows-x64"]
checksum = "sha256:6e50ce5498c0cebc20fd39ab3ff5df836ed2f8a31aa093cecad8497cff126d70"
url = "https://nodejs.org/dist/v24.14.1/node-v24.14.1-win-x64.zip"

[[tools.pnpm]]
version = "10.32.1"
backend = "aqua:pnpm/pnpm"

[tools.pnpm."platforms.linux-arm64"]
checksum = "sha256:c0db0b837971fde6f9781af8914e54eb163721193a36d35cbcf1794b3474a407"
url = "https://github.com/pnpm/pnpm/releases/download/v10.32.1/pnpm-linux-arm64"
url_api = "https://api.github.com/repos/pnpm/pnpm/releases/assets/371216282"

[tools.pnpm."platforms.linux-arm64-musl"]
checksum = "sha256:c0db0b837971fde6f9781af8914e54eb163721193a36d35cbcf1794b3474a407"
url = "https://github.com/pnpm/pnpm/releases/download/v10.32.1/pnpm-linux-arm64"
url_api = "https://api.github.com/repos/pnpm/pnpm/releases/assets/371216282"

[tools.pnpm."platforms.linux-x64"]
checksum = "sha256:c5607a86bfb948297e96b393a53c90107766fe56329e62967b1f239d861d4363"
url = "https://github.com/pnpm/pnpm/releases/download/v10.32.1/pnpm-linux-x64"
url_api = "https://api.github.com/repos/pnpm/pnpm/releases/assets/371216286"

[tools.pnpm."platforms.linux-x64-musl"]
checksum = "sha256:c5607a86bfb948297e96b393a53c90107766fe56329e62967b1f239d861d4363"
url = "https://github.com/pnpm/pnpm/releases/download/v10.32.1/pnpm-linux-x64"
url_api = "https://api.github.com/repos/pnpm/pnpm/releases/assets/371216286"

[tools.pnpm."platforms.macos-arm64"]
checksum = "sha256:b0904b4e0cf36704fcdc24bcdb5f03388799a631510d1fb0d459ea69c7b1e2d9"
url = "https://github.com/pnpm/pnpm/releases/download/v10.32.1/pnpm-macos-arm64"
url_api = "https://api.github.com/repos/pnpm/pnpm/releases/assets/371216291"

[tools.pnpm."platforms.macos-x64"]
checksum = "sha256:8b83277343bbc400fdb90608bd51b4f56e380e6624ac5fd0e11d6c08815e3f04"
url = "https://github.com/pnpm/pnpm/releases/download/v10.32.1/pnpm-macos-x64"
url_api = "https://api.github.com/repos/pnpm/pnpm/releases/assets/371216287"

[tools.pnpm."platforms.windows-x64"]
checksum = "sha256:849141504c83bcd08a3d84dc20d43cff2584d672138d28c33ad62bdac809e7f2"
url = "https://github.com/pnpm/pnpm/releases/download/v10.32.1/pnpm-win-x64.exe"
url_api = "https://api.github.com/repos/pnpm/pnpm/releases/assets/371216281"

[[tools.python]]
version = "3.12.13"
backend = "core:python"

[tools.python."platforms.linux-arm64"]
checksum = "sha256:8e2907baca8b08ae43f366e65f09fda6337d3543f322c399d8800cf689c79973"
url = "https://github.com/astral-sh/python-build-standalone/releases/download/20260510/cpython-3.12.13+20260510-aarch64-unknown-linux-gnu-install_only_stripped.tar.gz"
provenance = "github-attestations"

[tools.python."platforms.linux-arm64-musl"]
checksum = "sha256:5b41126fce0b153c320466b6d2af0b68466e0e6d31c49168b65bbff887ef1793"
url = "https://github.com/astral-sh/python-build-standalone/releases/download/20260510/cpython-3.12.13+20260510-aarch64-unknown-linux-musl-install_only_stripped.tar.gz"
provenance = "github-attestations"

[tools.python."platforms.linux-x64"]
checksum = "sha256:d480f5d5878910ecbae212bf23bd7c25d7b209eb8cf5e98823c977384d272e88"
url = "https://github.com/astral-sh/python-build-standalone/releases/download/20260510/cpython-3.12.13+20260510-x86_64-unknown-linux-gnu-install_only_stripped.tar.gz"
provenance = "github-attestations"

[tools.python."platforms.linux-x64-musl"]
checksum = "sha256:8481ab65a9e478174cd196e7cf3d3c14f89f7d6b9b0bd8d15271d6bb1966954c"
url = "https://github.com/astral-sh/python-build-standalone/releases/download/20260510/cpython-3.12.13+20260510-x86_64-unknown-linux-musl-install_only_stripped.tar.gz"
provenance = "github-attestations"

[tools.python."platforms.macos-arm64"]
checksum = "sha256:55bc1a5edbc8ac4da0081f4f5731ed2d1ed10c57cb37a820b2a0dbc7cad742e9"
url = "https://github.com/astral-sh/python-build-standalone/releases/download/20260510/cpython-3.12.13+20260510-aarch64-apple-darwin-install_only_stripped.tar.gz"
provenance = "github-attestations"

[tools.python."platforms.macos-x64"]
checksum = "sha256:6bab7fa97d4f2ddba86da0e05acff66c53b5edaca1df8edcf00ddca785a9c59b"
url = "https://github.com/astral-sh/python-build-standalone/releases/download/20260510/cpython-3.12.13+20260510-x86_64-apple-darwin-install_only_stripped.tar.gz"
provenance = "github-attestations"

[tools.python."platforms.windows-x64"]
checksum = "sha256:24168aff2e7d93784c6a436124c4ebb79b076a4e289bde4902c08333507b71d0"
url = "https://github.com/astral-sh/python-build-standalone/releases/download/20260510/cpython-3.12.13+20260510-x86_64-pc-windows-msvc-install_only_stripped.tar.gz"
provenance = "github-attestations"

[[tools.rust]]
version = "1.96.0"
backend = "core:rust"

[[tools.shellcheck]]
version = "0.11.0"
backend = "aqua:koalaman/shellcheck"

[tools.shellcheck."platforms.linux-arm64"]
checksum = "sha256:12b331c1d2db6b9eb13cfca64306b1b157a86eb69db83023e261eaa7e7c14588"
url = "https://github.com/koalaman/shellcheck/releases/download/v0.11.0/shellcheck-v0.11.0.linux.aarch64.tar.xz"

[tools.shellcheck."platforms.linux-arm64-musl"]
checksum = "sha256:12b331c1d2db6b9eb13cfca64306b1b157a86eb69db83023e261eaa7e7c14588"
url = "https://github.com/koalaman/shellcheck/releases/download/v0.11.0/shellcheck-v0.11.0.linux.aarch64.tar.xz"

[tools.shellcheck."platforms.linux-x64"]
checksum = "sha256:8c3be12b05d5c177a04c29e3c78ce89ac86f1595681cab149b65b97c4e227198"
url = "https://github.com/koalaman/shellcheck/releases/download/v0.11.0/shellcheck-v0.11.0.linux.x86_64.tar.xz"

[tools.shellcheck."platforms.linux-x64-musl"]
checksum = "sha256:8c3be12b05d5c177a04c29e3c78ce89ac86f1595681cab149b65b97c4e227198"
url = "https://github.com/koalaman/shellcheck/releases/download/v0.11.0/shellcheck-v0.11.0.linux.x86_64.tar.xz"

[tools.shellcheck."platforms.macos-arm64"]
checksum = "sha256:56affdd8de5527894dca6dc3d7e0a99a873b0f004d7aabc30ae407d3f48b0a79"
url = "https://github.com/koalaman/shellcheck/releases/download/v0.11.0/shellcheck-v0.11.0.darwin.aarch64.tar.xz"

[tools.shellcheck."platforms.macos-x64"]
checksum = "sha256:3c89db4edcab7cf1c27bff178882e0f6f27f7afdf54e859fa041fca10febe4c6"
url = "https://github.com/koalaman/shellcheck/releases/download/v0.11.0/shellcheck-v0.11.0.darwin.x86_64.tar.xz"

[tools.shellcheck."platforms.windows-x64"]
checksum = "sha256:8a4e35ab0b331c85d73567b12f2a444df187f483e5079ceffa6bda1faa2e740e"
url = "https://github.com/koalaman/shellcheck/releases/download/v0.11.0/shellcheck-v0.11.0.zip"

[[tools.shfmt]]
version = "3.13.1"
backend = "aqua:mvdan/sh"

[tools.shfmt."platforms.linux-arm64"]
checksum = "sha256:32d92acaa5cd8abb29fc49dac123dc412442d5713967819d8af2c29f1b3857c7"
url = "https://github.com/mvdan/sh/releases/download/v3.13.1/shfmt_v3.13.1_linux_arm64"

[tools.shfmt."platforms.linux-arm64-musl"]
checksum = "sha256:32d92acaa5cd8abb29fc49dac123dc412442d5713967819d8af2c29f1b3857c7"
url = "https://github.com/mvdan/sh/releases/download/v3.13.1/shfmt_v3.13.1_linux_arm64"

[tools.shfmt."platforms.linux-x64"]
checksum = "sha256:fb096c5d1ac6beabbdbaa2874d025badb03ee07929f0c9ff67563ce8c75398b1"
url = "https://github.com/mvdan/sh/releases/download/v3.13.1/shfmt_v3.13.1_linux_amd64"

[tools.shfmt."platforms.linux-x64-musl"]
checksum = "sha256:fb096c5d1ac6beabbdbaa2874d025badb03ee07929f0c9ff67563ce8c75398b1"
url = "https://github.com/mvdan/sh/releases/download/v3.13.1/shfmt_v3.13.1_linux_amd64"

[tools.shfmt."platforms.macos-arm64"]
checksum = "sha256:9680526be4a66ea1ffe988ed08af58e1400fe1e4f4aef5bd88b20bb9b3da33f8"
url = "https://github.com/mvdan/sh/releases/download/v3.13.1/shfmt_v3.13.1_darwin_arm64"

[tools.shfmt."platforms.macos-x64"]
checksum = "sha256:6feedafc72915794163114f512348e2437d080d0047ef8b8fa2ec63b575f12af"
url = "https://github.com/mvdan/sh/releases/download/v3.13.1/shfmt_v3.13.1_darwin_amd64"

[tools.shfmt."platforms.windows-x64"]
checksum = "sha256:60cd368533d0ad73fa86d93d5bbf95ef40587245ce684ed138c1b31557b5fe97"
url = "https://github.com/mvdan/sh/releases/download/v3.13.1/shfmt_v3.13.1_windows_amd64.exe"

[[tools.uv]]
version = "0.11.13"
backend = "aqua:astral-sh/uv"

[tools.uv."platforms.linux-arm64"]
checksum = "sha256:bea8a97b1b3ed41491e075c1f474e7f0249582aa3f62849c4e874b5f34ddc95e"
url = "https://github.com/astral-sh/uv/releases/download/0.11.13/uv-aarch64-unknown-linux-musl.tar.gz"
provenance = "github-attestations"

[tools.uv."platforms.linux-arm64-musl"]
checksum = "sha256:bea8a97b1b3ed41491e075c1f474e7f0249582aa3f62849c4e874b5f34ddc95e"
url = "https://github.com/astral-sh/uv/releases/download/0.11.13/uv-aarch64-unknown-linux-musl.tar.gz"
provenance = "github-attestations"

[tools.uv."platforms.linux-x64"]
checksum = "sha256:5635afc285df86ce6f05f3f22335f9548b0026e58531904482c9670a1c1c65d9"
url = "https://github.com/astral-sh/uv/releases/download/0.11.13/uv-x86_64-unknown-linux-musl.tar.gz"
provenance = "github-attestations"

[tools.uv."platforms.linux-x64-musl"]
checksum = "sha256:5635afc285df86ce6f05f3f22335f9548b0026e58531904482c9670a1c1c65d9"
url = "https://github.com/astral-sh/uv/releases/download/0.11.13/uv-x86_64-unknown-linux-musl.tar.gz"
provenance = "github-attestations"

[tools.uv."platforms.macos-arm64"]
checksum = "sha256:196a58aa24da89144187670df7c407358028984537fbc2f8f2d8f7a2604980df"
url = "https://github.com/astral-sh/uv/releases/download/0.11.13/uv-aarch64-apple-darwin.tar.gz"
provenance = "github-attestations"

[tools.uv."platforms.macos-x64"]
checksum = "sha256:99aad3f4956f5b92efd83eca6d87bf03e10688899487ad541f904c9c25c61dc1"
url = "https://github.com/astral-sh/uv/releases/download/0.11.13/uv-x86_64-apple-darwin.tar.gz"
provenance = "github-attestations"

[tools.uv."platforms.windows-x64"]
checksum = "sha256:0953ac2ef4fbe47ad469bfa80b658a577a02c4d73a2fb9c4c7c70dda432efded"
url = "https://github.com/astral-sh/uv/releases/download/0.11.13/uv-x86_64-pc-windows-msvc.zip"
provenance = "github-attestations"

[[tools.yazi]]
version = "26.5.6"
backend = "aqua:sxyazi/yazi"

[tools.yazi."platforms.linux-arm64"]
checksum = "sha256:dff4a6774069bdde616c3cd145275b462a5887229cd9bf6341e78063da37e84f"
url = "https://github.com/sxyazi/yazi/releases/download/v26.5.6/yazi-aarch64-unknown-linux-musl.zip"
url_api = "https://api.github.com/repos/sxyazi/yazi/releases/assets/412871963"

[tools.yazi."platforms.linux-arm64-musl"]
checksum = "sha256:dff4a6774069bdde616c3cd145275b462a5887229cd9bf6341e78063da37e84f"
url = "https://github.com/sxyazi/yazi/releases/download/v26.5.6/yazi-aarch64-unknown-linux-musl.zip"
url_api = "https://api.github.com/repos/sxyazi/yazi/releases/assets/412871963"

[tools.yazi."platforms.linux-x64"]
checksum = "sha256:1031a02560d053301537195a6661d227c15cb4ce5c30481050b31e2b88681bff"
url = "https://github.com/sxyazi/yazi/releases/download/v26.5.6/yazi-x86_64-unknown-linux-musl.zip"
url_api = "https://api.github.com/repos/sxyazi/yazi/releases/assets/412871954"

[tools.yazi."platforms.linux-x64-musl"]
checksum = "sha256:1031a02560d053301537195a6661d227c15cb4ce5c30481050b31e2b88681bff"
url = "https://github.com/sxyazi/yazi/releases/download/v26.5.6/yazi-x86_64-unknown-linux-musl.zip"
url_api = "https://api.github.com/repos/sxyazi/yazi/releases/assets/412871954"

[tools.yazi."platforms.macos-arm64"]
checksum = "sha256:7abd71725e2fe27bed036becbf6ce79fa17964eb68491d34190011c94b8c7ca8"
url = "https://github.com/sxyazi/yazi/releases/download/v26.5.6/yazi-aarch64-apple-darwin.zip"
url_api = "https://api.github.com/repos/sxyazi/yazi/releases/assets/412871956"

[tools.yazi."platforms.macos-x64"]
checksum = "sha256:6846066f992c1688d8ec77431a3ab53f5ef268019fcef86e5649b8c27010868d"
url = "https://github.com/sxyazi/yazi/releases/download/v26.5.6/yazi-x86_64-apple-darwin.zip"
url_api = "https://api.github.com/repos/sxyazi/yazi/releases/assets/412871953"

[tools.yazi."platforms.windows-x64"]
checksum = "sha256:6c6c52a4b2648e179f917bdaa7c57e793d18561b380a8bfa025f10cd1b9b2ad1"
url = "https://github.com/sxyazi/yazi/releases/download/v26.5.6/yazi-x86_64-pc-windows-msvc.zip"
url_api = "https://api.github.com/repos/sxyazi/yazi/releases/assets/412871959"
